// !$*UTF8*$!
{
	archiveVersion = 1;
	classes = {
	};
	objectVersion = 46;
	objects = {

/* Begin PBXBuildFile section */
		BF1512FA1DAEFA1D00C39871 /* AppDelegate.swift in Sources */ = {isa = PBXBuildFile; fileRef = BF1512F91DAEFA1D00C39871 /* AppDelegate.swift */; };
		BF1512FC1DAEFA1D00C39871 /* ViewController.swift in Sources */ = {isa = PBXBuildFile; fileRef = BF1512FB1DAEFA1D00C39871 /* ViewController.swift */; };
		BF1512FE1DAEFA1D00C39871 /* Assets.xcassets in Resources */ = {isa = PBXBuildFile; fileRef = BF1512FD1DAEFA1D00C39871 /* Assets.xcassets */; };
		BF1513011DAEFA1D00C39871 /* Main.storyboard in Resources */ = {isa = PBXBuildFile; fileRef = BF1512FF1DAEFA1D00C39871 /* Main.storyboard */; };
		BF7C36D21DDCF7B100C1DB00 /* QuarkmacOS.framework in Frameworks */ = {isa = PBXBuildFile; fileRef = BF7C36CF1DDCF7B100C1DB00 /* QuarkmacOS.framework */; };
/* End PBXBuildFile section */

/* Begin PBXFileReference section */
		BF1512F61DAEFA1D00C39871 /* Vesto macOS.app */ = {isa = PBXFileReference; explicitFileType = wrapper.application; includeInIndex = 0; path = "Vesto macOS.app"; sourceTree = BUILT_PRODUCTS_DIR; };
		BF1512F91DAEFA1D00C39871 /* AppDelegate.swift */ = {isa = PBXFileReference; lastKnownFileType = sourcecode.swift; path = AppDelegate.swift; sourceTree = "<group>"; };
		BF1512FB1DAEFA1D00C39871 /* ViewController.swift */ = {isa = PBXFileReference; lastKnownFileType = sourcecode.swift; path = ViewController.swift; sourceTree = "<group>"; };
		BF1512FD1DAEFA1D00C39871 /* Assets.xcassets */ = {isa = PBXFileReference; lastKnownFileType = folder.assetcatalog; path = Assets.xcassets; sourceTree = "<group>"; };
		BF1513001DAEFA1D00C39871 /* Base */ = {isa = PBXFileReference; lastKnownFileType = file.storyboard; name = Base; path = Base.lproj/Main.storyboard; sourceTree = "<group>"; };
		BF1513021DAEFA1D00C39871 /* Info.plist */ = {isa = PBXFileReference; lastKnownFileType = text.plist.xml; path = Info.plist; sourceTree = "<group>"; };
		BF7C36CD1DDCF7B100C1DB00 /* QuarkCore.framework */ = {isa = PBXFileReference; lastKnownFileType = wrapper.framework; name = QuarkCore.framework; path = "../../../../../../Library/Developer/Xcode/DerivedData/Vesto-eepuggcvvroncbgxsofxolsjjwlx/Build/Products/Debug/QuarkCore.framework"; sourceTree = "<group>"; };
		BF7C36CE1DDCF7B100C1DB00 /* QuarkExports.framework */ = {isa = PBXFileReference; lastKnownFileType = wrapper.framework; name = QuarkExports.framework; path = "../../../../../../Library/Developer/Xcode/DerivedData/Vesto-eepuggcvvroncbgxsofxolsjjwlx/Build/Products/Debug/QuarkExports.framework"; sourceTree = "<group>"; };
		BF7C36CF1DDCF7B100C1DB00 /* QuarkmacOS.framework */ = {isa = PBXFileReference; lastKnownFileType = wrapper.framework; name = QuarkmacOS.framework; path = "../../../../../../Library/Developer/Xcode/DerivedData/Vesto-eepuggcvvroncbgxsofxolsjjwlx/Build/Products/Debug/QuarkmacOS.framework"; sourceTree = "<group>"; };
/* End PBXFileReference section */

/* Begin PBXFrameworksBuildPhase section */
		BF1512F31DAEFA1D00C39871 /* Frameworks */ = {
			isa = PBXFrameworksBuildPhase;
			buildActionMask = 2147483647;
			files = (
				BF7C36D21DDCF7B100C1DB00 /* QuarkmacOS.framework in Frameworks */,
			);
			runOnlyForDeploymentPostprocessing = 0;
		};
/* End PBXFrameworksBuildPhase section */

/* Begin PBXGroup section */
		BF1512ED1DAEFA1D00C39871 = {
			isa = PBXGroup;
			children = (
				BF1512F81DAEFA1D00C39871 /* Vesto macOS */,
				BF1512F71DAEFA1D00C39871 /* Products */,
				BF7C36CC1DDCF7B000C1DB00 /* Frameworks */,
			);
			sourceTree = "<group>";
		};
		BF1512F71DAEFA1D00C39871 /* Products */ = {
			isa = PBXGroup;
			children = (
				BF1512F61DAEFA1D00C39871 /* Vesto macOS.app */,
			);
			name = Products;
			sourceTree = "<group>";
		};
		BF1512F81DAEFA1D00C39871 /* Vesto macOS */ = {
			isa = PBXGroup;
			children = (
				BF1512F91DAEFA1D00C39871 /* AppDelegate.swift */,
				BF1512FB1DAEFA1D00C39871 /* ViewController.swift */,
				BF1512FD1DAEFA1D00C39871 /* Assets.xcassets */,
				BF1512FF1DAEFA1D00C39871 /* Main.storyboard */,
				BF1513021DAEFA1D00C39871 /* Info.plist */,
			);
			path = "Vesto macOS";
			sourceTree = "<group>";
		};
		BF7C36CC1DDCF7B000C1DB00 /* Frameworks */ = {
			isa = PBXGroup;
			children = (
				BF7C36CD1DDCF7B100C1DB00 /* QuarkCore.framework */,
				BF7C36CE1DDCF7B100C1DB00 /* QuarkExports.framework */,
				BF7C36CF1DDCF7B100C1DB00 /* QuarkmacOS.framework */,
			);
			name = Frameworks;
			sourceTree = "<group>";
		};
/* End PBXGroup section */

/* Begin PBXNativeTarget section */
		BF1512F51DAEFA1D00C39871 /* Vesto macOS */ = {
			isa = PBXNativeTarget;
			buildConfigurationList = BF1513051DAEFA1D00C39871 /* Build configuration list for PBXNativeTarget "Vesto macOS" */;
			buildPhases = (
				BF1512F21DAEFA1D00C39871 /* Sources */,
				BF1512F31DAEFA1D00C39871 /* Frameworks */,
				BF1512F41DAEFA1D00C39871 /* Resources */,
			);
			buildRules = (
			);
			dependencies = (
			);
			name = "Vesto macOS";
			productName = "Vesto macOS";
			productReference = BF1512F61DAEFA1D00C39871 /* Vesto macOS.app */;
			productType = "com.apple.product-type.application";
		};
/* End PBXNativeTarget section */

/* Begin PBXProject section */
		BF1512EE1DAEFA1D00C39871 /* Project object */ = {
			isa = PBXProject;
			attributes = {
				LastSwiftUpdateCheck = 0810;
				LastUpgradeCheck = 0810;
				ORGANIZATIONNAME = Vesto;
				TargetAttributes = {
					BF1512F51DAEFA1D00C39871 = {
						CreatedOnToolsVersion = 8.1;
						ProvisioningStyle = Automatic;
					};
				};
			};
			buildConfigurationList = BF1512F11DAEFA1D00C39871 /* Build configuration list for PBXProject "Vesto macOS" */;
			compatibilityVersion = "Xcode 3.2";
			developmentRegion = English;
			hasScannedForEncodings = 0;
			knownRegions = (
				en,
				Base,
			);
			mainGroup = BF1512ED1DAEFA1D00C39871;
			productRefGroup = BF1512F71DAEFA1D00C39871 /* Products */;
			projectDirPath = "";
			projectRoot = "";
			targets = (
				BF1512F51DAEFA1D00C39871 /* Vesto macOS */,
			);
		};
/* End PBXProject section */

/* Begin PBXResourcesBuildPhase section */
		BF1512F41DAEFA1D00C39871 /* Resources */ = {
			isa = PBXResourcesBuildPhase;
			buildActionMask = 2147483647;
			files = (
				BF1512FE1DAEFA1D00C39871 /* Assets.xcassets in Resources */,
				BF1513011DAEFA1D00C39871 /* Main.storyboard in Resources */,
			);
			runOnlyForDeploymentPostprocessing = 0;
		};
/* End PBXResourcesBuildPhase section */

/* Begin PBXSourcesBuildPhase section */
		BF1512F21DAEFA1D00C39871 /* Sources */ = {
			isa = PBXSourcesBuildPhase;
			buildActionMask = 2147483647;
			files = (
				BF1512FC1DAEFA1D00C39871 /* ViewController.swift in Sources */,
				BF1512FA1DAEFA1D00C39871 /* AppDelegate.swift in Sources */,
			);
			runOnlyForDeploymentPostprocessing = 0;
		};
/* End PBXSourcesBuildPhase section */

/* Begin PBXVariantGroup section */
		BF1512FF1DAEFA1D00C39871 /* Main.storyboard */ = {
			isa = PBXVariantGroup;
			children = (
				BF1513001DAEFA1D00C39871 /* Base */,
			);
			name = Main.storyboard;
			sourceTree = "<group>";
		};
/* End PBXVariantGroup section */

/* Begin XCBuildConfiguration section */
		BF1513031DAEFA1D00C39871 /* Debug */ = {
			isa = XCBuildConfiguration;
			buildSettings = {
				ALWAYS_SEARCH_USER_PATHS = NO;
				CLANG_ANALYZER_NONNULL = YES;
				CLANG_CXX_LANGUAGE_STANDARD = "gnu++0x";
				CLANG_CXX_LIBRARY = "libc++";
				CLANG_ENABLE_MODULES = YES;
				CLANG_ENABLE_OBJC_ARC = YES;
				CLANG_WARN_BOOL_CONVERSION = YES;
				CLANG_WARN_CONSTANT_CONVERSION = YES;
				CLANG_WARN_DIRECT_OBJC_ISA_USAGE = YES_ERROR;
				CLANG_WARN_DOCUMENTATION_COMMENTS = YES;
				CLANG_WARN_EMPTY_BODY = YES;
				CLANG_WARN_ENUM_CONVERSION = YES;
				CLANG_WARN_INFINITE_RECURSION = YES;
				CLANG_WARN_INT_CONVERSION = YES;
				CLANG_WARN_OBJC_ROOT_CLASS = YES_ERROR;
				CLANG_WARN_SUSPICIOUS_MOVES = YES;
				CLANG_WARN_UNREACHABLE_CODE = YES;
				CLANG_WARN__DUPLICATE_METHOD_MATCH = YES;
				CODE_SIGN_IDENTITY = "-";
				COPY_PHASE_STRIP = NO;
				DEBUG_INFORMATION_FORMAT = dwarf;
				ENABLE_STRICT_OBJC_MSGSEND = YES;
				ENABLE_TESTABILITY = YES;
				GCC_C_LANGUAGE_STANDARD = gnu99;
				GCC_DYNAMIC_NO_PIC = NO;
				GCC_NO_COMMON_BLOCKS = YES;
				GCC_OPTIMIZATION_LEVEL = 0;
				GCC_PREPROCESSOR_DEFINITIONS = (
					"DEBUG=1",
					"$(inherited)",
				);
				GCC_WARN_64_TO_32_BIT_CONVERSION = YES;
				GCC_WARN_ABOUT_RETURN_TYPE = YES_ERROR;
				GCC_WARN_UNDECLARED_SELECTOR = YES;
				GCC_WARN_UNINITIALIZED_AUTOS = YES_AGGRESSIVE;
				GCC_WARN_UNUSED_FUNCTION = YES;
				GCC_WARN_UNUSED_VARIABLE = YES;
				MACOSX_DEPLOYMENT_TARGET = 10.12;
				MTL_ENABLE_DEBUG_INFO = YES;
				ONLY_ACTIVE_ARCH = YES;
				SDKROOT = macosx;
				SWIFT_ACTIVE_COMPILATION_CONDITIONS = DEBUG;
				SWIFT_OPTIMIZATION_LEVEL = "-Onone";
			};
			name = Debug;
		};
		BF1513041DAEFA1D00C39871 /* Release */ = {
			isa = XCBuildConfiguration;
			buildSettings = {
				ALWAYS_SEARCH_USER_PATHS = NO;
				CLANG_ANALYZER_NONNULL = YES;
				CLANG_CXX_LANGUAGE_STANDARD = "gnu++0x";
				CLANG_CXX_LIBRARY = "libc++";
				CLANG_ENABLE_MODULES = YES;
				CLANG_ENABLE_OBJC_ARC = YES;
				CLANG_WARN_BOOL_CONVERSION = YES;
				CLANG_WARN_CONSTANT_CONVERSION = YES;
				CLANG_WARN_DIRECT_OBJC_ISA_USAGE = YES_ERROR;
				CLANG_WARN_DOCUMENTATION_COMMENTS = YES;
				CLANG_WARN_EMPTY_BODY = YES;
				CLANG_WARN_ENUM_CONVERSION = YES;
				CLANG_WARN_INFINITE_RECURSION = YES;
				CLANG_WARN_INT_CONVERSION = YES;
				CLANG_WARN_OBJC_ROOT_CLASS = YES_ERROR;
				CLANG_WARN_SUSPICIOUS_MOVES = YES;
				CLANG_WARN_UNREACHABLE_CODE = YES;
				CLANG_WARN__DUPLICATE_METHOD_MATCH = YES;
				CODE_SIGN_IDENTITY = "-";
				COPY_PHASE_STRIP = NO;
				DEBUG_INFORMATION_FORMAT = "dwarf-with-dsym";
				ENABLE_NS_ASSERTIONS = NO;
				ENABLE_STRICT_OBJC_MSGSEND = YES;
				GCC_C_LANGUAGE_STANDARD = gnu99;
				GCC_NO_COMMON_BLOCKS = YES;
				GCC_WARN_64_TO_32_BIT_CONVERSION = YES;
				GCC_WARN_ABOUT_RETURN_TYPE = YES_ERROR;
				GCC_WARN_UNDECLARED_SELECTOR = YES;
				GCC_WARN_UNINITIALIZED_AUTOS = YES_AGGRESSIVE;
				GCC_WARN_UNUSED_FUNCTION = YES;
				GCC_WARN_UNUSED_VARIABLE = YES;
				MACOSX_DEPLOYMENT_TARGET = 10.12;
				MTL_ENABLE_DEBUG_INFO = NO;
				SDKROOT = macosx;
				SWIFT_OPTIMIZATION_LEVEL = "-Owholemodule";
			};
			name = Release;
		};
		BF1513061DAEFA1D00C39871 /* Debug */ = {
			isa = XCBuildConfiguration;
			buildSettings = {
				ASSETCATALOG_COMPILER_APPICON_NAME = AppIcon;
				COMBINE_HIDPI_IMAGES = YES;
				INFOPLIST_FILE = "Vesto macOS/Info.plist";
				LD_RUNPATH_SEARCH_PATHS = "$(inherited) @executable_path/../Frameworks";
				PRODUCT_BUNDLE_IDENTIFIER = "com.Vesto.Vesto-macOS";
				PRODUCT_NAME = "$(TARGET_NAME)";
				SWIFT_VERSION = 3.0;
			};
			name = Debug;
		};
		BF1513071DAEFA1D00C39871 /* Release */ = {
			isa = XCBuildConfiguration;
			buildSettings = {
				ASSETCATALOG_COMPILER_APPICON_NAME = AppIcon;
				COMBINE_HIDPI_IMAGES = YES;
				INFOPLIST_FILE = "Vesto macOS/Info.plist";
				LD_RUNPATH_SEARCH_PATHS = "$(inherited) @executable_path/../Frameworks";
				PRODUCT_BUNDLE_IDENTIFIER = "com.Vesto.Vesto-macOS";
				PRODUCT_NAME = "$(TARGET_NAME)";
				SWIFT_VERSION = 3.0;
			};
			name = Release;
		};
/* End XCBuildConfiguration section */

/* Begin XCConfigurationList section */
		BF1512F11DAEFA1D00C39871 /* Build configuration list for PBXProject "Vesto macOS" */ = {
			isa = XCConfigurationList;
			buildConfigurations = (
				BF1513031DAEFA1D00C39871 /* Debug */,
				BF1513041DAEFA1D00C39871 /* Release */,
			);
			defaultConfigurationIsVisible = 0;
			defaultConfigurationName = Release;
		};
		BF1513051DAEFA1D00C39871 /* Build configuration list for PBXNativeTarget "Vesto macOS" */ = {
			isa = XCConfigurationList;
			buildConfigurations = (
				BF1513061DAEFA1D00C39871 /* Debug */,
				BF1513071DAEFA1D00C39871 /* Release */,
			);
			defaultConfigurationIsVisible = 0;
			defaultConfigurationName = Release;
		};
/* End XCConfigurationList section */
	};
	rootObject = BF1512EE1DAEFA1D00C39871 /* Project object */;
}
